
Microsoft Visual Studio Solution File, Format Version 12.00
# Visual Studio 2015
Project("{FAE04EC0-301F-11D3-BF4B-00C04F79EFBC}") = "fiery_ghost", "fiery_ghost.csproj", "{44ED59BE-E340-B16B-8D6B-4ACD8DF7C011}"
EndProject
Project("{FAE04EC0-301F-11D3-BF4B-00C04F79EFBC}") = "fiery_ghost.Editor", "fiery_ghost.Editor.csproj", "{FF8A9D03-5485-01CE-A584-B4A325BDAAB4}"
EndProject
Global
	GlobalSection(SolutionConfigurationPlatforms) = preSolution
		Debug|Any CPU = Debug|Any CPU
		Release|Any CPU = Release|Any CPU
	EndGlobalSection
	GlobalSection(ProjectConfigurationPlatforms) = postSolution
		{44ED59BE-E340-B16B-8D6B-4ACD8DF7C011}.Debug|Any CPU.ActiveCfg = Debug|Any CPU
		{44ED59BE-E340-B16B-8D6B-4ACD8DF7C011}.Debug|Any CPU.Build.0 = Debug|Any CPU
		{44ED59BE-E340-B16B-8D6B-4ACD8DF7C011}.Release|Any CPU.ActiveCfg = Release|Any CPU
		{44ED59BE-E340-B16B-8D6B-4ACD8DF7C011}.Release|Any CPU.Build.0 = Release|Any CPU
		{FF8A9D03-5485-01CE-A584-B4A325BDAAB4}.Debug|Any CPU.ActiveCfg = Debug|Any CPU
		{FF8A9D03-5485-01CE-A584-B4A325BDAAB4}.Debug|Any CPU.Build.0 = Debug|Any CPU
		{FF8A9D03-5485-01CE-A584-B4A325BDAAB4}.Release|Any CPU.ActiveCfg = Release|Any CPU
		{FF8A9D03-5485-01CE-A584-B4A325BDAAB4}.Release|Any CPU.Build.0 = Release|Any CPU
	EndGlobalSection
	GlobalSection(SolutionProperties) = preSolution
		HideSolutionNode = FALSE
	EndGlobalSection
EndGlobal
